
Microsoft Visual Studio Solution File, Format Version 12.00
# Visual Studio Version 16
VisualStudioVersion = 16.0.30413.136
MinimumVisualStudioVersion = 10.0.40219.1
Project("{FAE04EC0-301F-11D3-BF4B-00C04F79EFBC}") = "1", "laba9\1.csproj", "{7D6B6455-D0A1-4173-8E2B-876096F75910}"
EndProject
Project("{FAE04EC0-301F-11D3-BF4B-00C04F79EFBC}") = "2", "2\2.csproj", "{3A550679-304D-4C73-8427-FD23D9EFB1AE}"
EndProject
Project("{FAE04EC0-301F-11D3-BF4B-00C04F79EFBC}") = "3", "3\3.csproj", "{F4A444AF-4442-4A97-A32F-B61006930F1C}"
EndProject
Project("{FAE04EC0-301F-11D3-BF4B-00C04F79EFBC}") = "4", "4\4.csproj", "{E0C53BF7-2C22-4D9F-9032-CC4F8157B07B}"
EndProject
Project("{FAE04EC0-301F-11D3-BF4B-00C04F79EFBC}") = "5", "5\5.csproj", "{FFB147F8-22F4-42FB-B1CB-DB8502BE7C83}"
EndProject
Project("{FAE04EC0-301F-11D3-BF4B-00C04F79EFBC}") = "6", "6\6.csproj", "{C40D849E-C6E9-4E06-AFDB-522ED980BDFA}"
EndProject
Project("{FAE04EC0-301F-11D3-BF4B-00C04F79EFBC}") = "7", "7\7.csproj", "{AA01A39D-1740-4AB8-9502-4E71783256F9}"
EndProject
Project("{FAE04EC0-301F-11D3-BF4B-00C04F79EFBC}") = "8", "8\8.csproj", "{DBE746D3-CC14-4DF3-AC77-BD800824E5F3}"
EndProject
Project("{FAE04EC0-301F-11D3-BF4B-00C04F79EFBC}") = "9", "9\9.csproj", "{4DF08CC7-03B8-4AB2-BF90-39E2D305B993}"
EndProject
Project("{FAE04EC0-301F-11D3-BF4B-00C04F79EFBC}") = "10", "10\10.csproj", "{BFA3CE89-BFA4-44C6-9037-37E9B4FE9F79}"
EndProject
Project("{FAE04EC0-301F-11D3-BF4B-00C04F79EFBC}") = "11", "11\11.csproj", "{18B9579E-8261-4F28-8AB6-4859A103162A}"
EndProject
Project("{FAE04EC0-301F-11D3-BF4B-00C04F79EFBC}") = "12", "12\12.csproj", "{654A7D29-5D66-4527-A75B-B041A01FBEEC}"
EndProject
Global
	GlobalSection(SolutionConfigurationPlatforms) = preSolution
		Debug|Any CPU = Debug|Any CPU
		Release|Any CPU = Release|Any CPU
	EndGlobalSection
	GlobalSection(ProjectConfigurationPlatforms) = postSolution
		{7D6B6455-D0A1-4173-8E2B-876096F75910}.Debug|Any CPU.ActiveCfg = Debug|Any CPU
		{7D6B6455-D0A1-4173-8E2B-876096F75910}.Debug|Any CPU.Build.0 = Debug|Any CPU
		{7D6B6455-D0A1-4173-8E2B-876096F75910}.Release|Any CPU.ActiveCfg = Release|Any CPU
		{7D6B6455-D0A1-4173-8E2B-876096F75910}.Release|Any CPU.Build.0 = Release|Any CPU
		{3A550679-304D-4C73-8427-FD23D9EFB1AE}.Debug|Any CPU.ActiveCfg = Debug|Any CPU
		{3A550679-304D-4C73-8427-FD23D9EFB1AE}.Debug|Any CPU.Build.0 = Debug|Any CPU
		{3A550679-304D-4C73-8427-FD23D9EFB1AE}.Release|Any CPU.ActiveCfg = Release|Any CPU
		{3A550679-304D-4C73-8427-FD23D9EFB1AE}.Release|Any CPU.Build.0 = Release|Any CPU
		{F4A444AF-4442-4A97-A32F-B61006930F1C}.Debug|Any CPU.ActiveCfg = Debug|Any CPU
		{F4A444AF-4442-4A97-A32F-B61006930F1C}.Debug|Any CPU.Build.0 = Debug|Any CPU
		{F4A444AF-4442-4A97-A32F-B61006930F1C}.Release|Any CPU.ActiveCfg = Release|Any CPU
		{F4A444AF-4442-4A97-A32F-B61006930F1C}.Release|Any CPU.Build.0 = Release|Any CPU
		{E0C53BF7-2C22-4D9F-9032-CC4F8157B07B}.Debug|Any CPU.ActiveCfg = Debug|Any CPU
		{E0C53BF7-2C22-4D9F-9032-CC4F8157B07B}.Debug|Any CPU.Build.0 = Debug|Any CPU
		{E0C53BF7-2C22-4D9F-9032-CC4F8157B07B}.Release|Any CPU.ActiveCfg = Release|Any CPU
		{E0C53BF7-2C22-4D9F-9032-CC4F8157B07B}.Release|Any CPU.Build.0 = Release|Any CPU
		{FFB147F8-22F4-42FB-B1CB-DB8502BE7C83}.Debug|Any CPU.ActiveCfg = Debug|Any CPU
		{FFB147F8-22F4-42FB-B1CB-DB8502BE7C83}.Debug|Any CPU.Build.0 = Debug|Any CPU
		{FFB147F8-22F4-42FB-B1CB-DB8502BE7C83}.Release|Any CPU.ActiveCfg = Release|Any CPU
		{FFB147F8-22F4-42FB-B1CB-DB8502BE7C83}.Release|Any CPU.Build.0 = Release|Any CPU
		{C40D849E-C6E9-4E06-AFDB-522ED980BDFA}.Debug|Any CPU.ActiveCfg = Debug|Any CPU
		{C40D849E-C6E9-4E06-AFDB-522ED980BDFA}.Debug|Any CPU.Build.0 = Debug|Any CPU
		{C40D849E-C6E9-4E06-AFDB-522ED980BDFA}.Release|Any CPU.ActiveCfg = Release|Any CPU
		{C40D849E-C6E9-4E06-AFDB-522ED980BDFA}.Release|Any CPU.Build.0 = Release|Any CPU
		{AA01A39D-1740-4AB8-9502-4E71783256F9}.Debug|Any CPU.ActiveCfg = Debug|Any CPU
		{AA01A39D-1740-4AB8-9502-4E71783256F9}.Debug|Any CPU.Build.0 = Debug|Any CPU
		{AA01A39D-1740-4AB8-9502-4E71783256F9}.Release|Any CPU.ActiveCfg = Release|Any CPU
		{AA01A39D-1740-4AB8-9502-4E71783256F9}.Release|Any CPU.Build.0 = Release|Any CPU
		{DBE746D3-CC14-4DF3-AC77-BD800824E5F3}.Debug|Any CPU.ActiveCfg = Debug|Any CPU
		{DBE746D3-CC14-4DF3-AC77-BD800824E5F3}.Debug|Any CPU.Build.0 = Debug|Any CPU
		{DBE746D3-CC14-4DF3-AC77-BD800824E5F3}.Release|Any CPU.ActiveCfg = Release|Any CPU
		{DBE746D3-CC14-4DF3-AC77-BD800824E5F3}.Release|Any CPU.Build.0 = Release|Any CPU
		{4DF08CC7-03B8-4AB2-BF90-39E2D305B993}.Debug|Any CPU.ActiveCfg = Debug|Any CPU
		{4DF08CC7-03B8-4AB2-BF90-39E2D305B993}.Debug|Any CPU.Build.0 = Debug|Any CPU
		{4DF08CC7-03B8-4AB2-BF90-39E2D305B993}.Release|Any CPU.ActiveCfg = Release|Any CPU
		{4DF08CC7-03B8-4AB2-BF90-39E2D305B993}.Release|Any CPU.Build.0 = Release|Any CPU
		{BFA3CE89-BFA4-44C6-9037-37E9B4FE9F79}.Debug|Any CPU.ActiveCfg = Debug|Any CPU
		{BFA3CE89-BFA4-44C6-9037-37E9B4FE9F79}.Debug|Any CPU.Build.0 = Debug|Any CPU
		{BFA3CE89-BFA4-44C6-9037-37E9B4FE9F79}.Release|Any CPU.ActiveCfg = Release|Any CPU
		{BFA3CE89-BFA4-44C6-9037-37E9B4FE9F79}.Release|Any CPU.Build.0 = Release|Any CPU
		{18B9579E-8261-4F28-8AB6-4859A103162A}.Debug|Any CPU.ActiveCfg = Debug|Any CPU
		{18B9579E-8261-4F28-8AB6-4859A103162A}.Debug|Any CPU.Build.0 = Debug|Any CPU
		{18B9579E-8261-4F28-8AB6-4859A103162A}.Release|Any CPU.ActiveCfg = Release|Any CPU
		{18B9579E-8261-4F28-8AB6-4859A103162A}.Release|Any CPU.Build.0 = Release|Any CPU
		{654A7D29-5D66-4527-A75B-B041A01FBEEC}.Debug|Any CPU.ActiveCfg = Debug|Any CPU
		{654A7D29-5D66-4527-A75B-B041A01FBEEC}.Debug|Any CPU.Build.0 = Debug|Any CPU
		{654A7D29-5D66-4527-A75B-B041A01FBEEC}.Release|Any CPU.ActiveCfg = Release|Any CPU
		{654A7D29-5D66-4527-A75B-B041A01FBEEC}.Release|Any CPU.Build.0 = Release|Any CPU
	EndGlobalSection
	GlobalSection(SolutionProperties) = preSolution
		HideSolutionNode = FALSE
	EndGlobalSection
	GlobalSection(ExtensibilityGlobals) = postSolution
		SolutionGuid = {B9ECD5EF-CFD6-496C-BE6A-C289861184E1}
	EndGlobalSection
EndGlobal
