
Microsoft Visual Studio Solution File, Format Version 12.00
# Visual Studio Version 16
VisualStudioVersion = 16.0.30413.136
MinimumVisualStudioVersion = 10.0.40219.1
Project("{FAE04EC0-301F-11D3-BF4B-00C04F79EFBC}") = "2", "2\2.csproj", "{67423EFD-C33D-499B-89DA-A3D87EB1D880}"
EndProject
Project("{FAE04EC0-301F-11D3-BF4B-00C04F79EFBC}") = "3", "3\3.csproj", "{4E81E888-4D21-4DE6-8D3F-B2B94F50B40E}"
EndProject
Project("{FAE04EC0-301F-11D3-BF4B-00C04F79EFBC}") = "4", "4\4.csproj", "{CD154489-E15D-45ED-86B6-78E7867DF4F6}"
EndProject
Project("{FAE04EC0-301F-11D3-BF4B-00C04F79EFBC}") = "5", "5\5.csproj", "{A4FE96CF-FC3A-4B17-BDDB-EF7CC2B712D4}"
EndProject
Project("{FAE04EC0-301F-11D3-BF4B-00C04F79EFBC}") = "6", "6\6.csproj", "{F85FCF74-6C8C-4568-A23E-7BC779605E3B}"
EndProject
Project("{FAE04EC0-301F-11D3-BF4B-00C04F79EFBC}") = "7", "7\7.csproj", "{EE5EA62F-4DE5-4DF1-B5F5-F0E06AEBBEF0}"
EndProject
Project("{FAE04EC0-301F-11D3-BF4B-00C04F79EFBC}") = "8", "8\8.csproj", "{2A1983A2-8727-47B4-B27B-1E0B192FDA91}"
EndProject
Project("{FAE04EC0-301F-11D3-BF4B-00C04F79EFBC}") = "9", "9\9.csproj", "{9D40AA76-85CF-40DB-AF13-9C142A8309F1}"
EndProject
Project("{FAE04EC0-301F-11D3-BF4B-00C04F79EFBC}") = "10", "10\10.csproj", "{9D68958F-421A-4E54-87AD-2939314AEE67}"
EndProject
Project("{FAE04EC0-301F-11D3-BF4B-00C04F79EFBC}") = "12", "12\12.csproj", "{DBAEF0E5-568E-4B30-851F-6006853BF750}"
EndProject
Project("{FAE04EC0-301F-11D3-BF4B-00C04F79EFBC}") = "13", "13\13.csproj", "{33019E0F-D88E-46F5-B9DD-E5EB745CD0D1}"
EndProject
Project("{FAE04EC0-301F-11D3-BF4B-00C04F79EFBC}") = "14", "14\14.csproj", "{1BE6C102-9333-43A2-9528-DAEE855AF4B0}"
EndProject
Project("{FAE04EC0-301F-11D3-BF4B-00C04F79EFBC}") = "15", "15\15.csproj", "{3F104103-A6ED-4D91-B406-BDDEF7DCEF4E}"
EndProject
Project("{FAE04EC0-301F-11D3-BF4B-00C04F79EFBC}") = "11", "11\11.csproj", "{3EC41485-F22E-4A95-B724-F189CF3F14DF}"
EndProject
Project("{FAE04EC0-301F-11D3-BF4B-00C04F79EFBC}") = "1", "1\1.csproj", "{A5F18C08-6ABB-406E-AD67-EE9FAB3879B3}"
EndProject
Global
	GlobalSection(SolutionConfigurationPlatforms) = preSolution
		Debug|Any CPU = Debug|Any CPU
		Release|Any CPU = Release|Any CPU
	EndGlobalSection
	GlobalSection(ProjectConfigurationPlatforms) = postSolution
		{67423EFD-C33D-499B-89DA-A3D87EB1D880}.Debug|Any CPU.ActiveCfg = Debug|Any CPU
		{67423EFD-C33D-499B-89DA-A3D87EB1D880}.Debug|Any CPU.Build.0 = Debug|Any CPU
		{67423EFD-C33D-499B-89DA-A3D87EB1D880}.Release|Any CPU.ActiveCfg = Release|Any CPU
		{67423EFD-C33D-499B-89DA-A3D87EB1D880}.Release|Any CPU.Build.0 = Release|Any CPU
		{4E81E888-4D21-4DE6-8D3F-B2B94F50B40E}.Debug|Any CPU.ActiveCfg = Debug|Any CPU
		{4E81E888-4D21-4DE6-8D3F-B2B94F50B40E}.Debug|Any CPU.Build.0 = Debug|Any CPU
		{4E81E888-4D21-4DE6-8D3F-B2B94F50B40E}.Release|Any CPU.ActiveCfg = Release|Any CPU
		{4E81E888-4D21-4DE6-8D3F-B2B94F50B40E}.Release|Any CPU.Build.0 = Release|Any CPU
		{CD154489-E15D-45ED-86B6-78E7867DF4F6}.Debug|Any CPU.ActiveCfg = Debug|Any CPU
		{CD154489-E15D-45ED-86B6-78E7867DF4F6}.Debug|Any CPU.Build.0 = Debug|Any CPU
		{CD154489-E15D-45ED-86B6-78E7867DF4F6}.Release|Any CPU.ActiveCfg = Release|Any CPU
		{CD154489-E15D-45ED-86B6-78E7867DF4F6}.Release|Any CPU.Build.0 = Release|Any CPU
		{A4FE96CF-FC3A-4B17-BDDB-EF7CC2B712D4}.Debug|Any CPU.ActiveCfg = Debug|Any CPU
		{A4FE96CF-FC3A-4B17-BDDB-EF7CC2B712D4}.Debug|Any CPU.Build.0 = Debug|Any CPU
		{A4FE96CF-FC3A-4B17-BDDB-EF7CC2B712D4}.Release|Any CPU.ActiveCfg = Release|Any CPU
		{A4FE96CF-FC3A-4B17-BDDB-EF7CC2B712D4}.Release|Any CPU.Build.0 = Release|Any CPU
		{F85FCF74-6C8C-4568-A23E-7BC779605E3B}.Debug|Any CPU.ActiveCfg = Debug|Any CPU
		{F85FCF74-6C8C-4568-A23E-7BC779605E3B}.Debug|Any CPU.Build.0 = Debug|Any CPU
		{F85FCF74-6C8C-4568-A23E-7BC779605E3B}.Release|Any CPU.ActiveCfg = Release|Any CPU
		{F85FCF74-6C8C-4568-A23E-7BC779605E3B}.Release|Any CPU.Build.0 = Release|Any CPU
		{EE5EA62F-4DE5-4DF1-B5F5-F0E06AEBBEF0}.Debug|Any CPU.ActiveCfg = Debug|Any CPU
		{EE5EA62F-4DE5-4DF1-B5F5-F0E06AEBBEF0}.Debug|Any CPU.Build.0 = Debug|Any CPU
		{EE5EA62F-4DE5-4DF1-B5F5-F0E06AEBBEF0}.Release|Any CPU.ActiveCfg = Release|Any CPU
		{EE5EA62F-4DE5-4DF1-B5F5-F0E06AEBBEF0}.Release|Any CPU.Build.0 = Release|Any CPU
		{2A1983A2-8727-47B4-B27B-1E0B192FDA91}.Debug|Any CPU.ActiveCfg = Debug|Any CPU
		{2A1983A2-8727-47B4-B27B-1E0B192FDA91}.Debug|Any CPU.Build.0 = Debug|Any CPU
		{2A1983A2-8727-47B4-B27B-1E0B192FDA91}.Release|Any CPU.ActiveCfg = Release|Any CPU
		{2A1983A2-8727-47B4-B27B-1E0B192FDA91}.Release|Any CPU.Build.0 = Release|Any CPU
		{9D40AA76-85CF-40DB-AF13-9C142A8309F1}.Debug|Any CPU.ActiveCfg = Debug|Any CPU
		{9D40AA76-85CF-40DB-AF13-9C142A8309F1}.Debug|Any CPU.Build.0 = Debug|Any CPU
		{9D40AA76-85CF-40DB-AF13-9C142A8309F1}.Release|Any CPU.ActiveCfg = Release|Any CPU
		{9D40AA76-85CF-40DB-AF13-9C142A8309F1}.Release|Any CPU.Build.0 = Release|Any CPU
		{9D68958F-421A-4E54-87AD-2939314AEE67}.Debug|Any CPU.ActiveCfg = Debug|Any CPU
		{9D68958F-421A-4E54-87AD-2939314AEE67}.Debug|Any CPU.Build.0 = Debug|Any CPU
		{9D68958F-421A-4E54-87AD-2939314AEE67}.Release|Any CPU.ActiveCfg = Release|Any CPU
		{9D68958F-421A-4E54-87AD-2939314AEE67}.Release|Any CPU.Build.0 = Release|Any CPU
		{DBAEF0E5-568E-4B30-851F-6006853BF750}.Debug|Any CPU.ActiveCfg = Debug|Any CPU
		{DBAEF0E5-568E-4B30-851F-6006853BF750}.Debug|Any CPU.Build.0 = Debug|Any CPU
		{DBAEF0E5-568E-4B30-851F-6006853BF750}.Release|Any CPU.ActiveCfg = Release|Any CPU
		{DBAEF0E5-568E-4B30-851F-6006853BF750}.Release|Any CPU.Build.0 = Release|Any CPU
		{33019E0F-D88E-46F5-B9DD-E5EB745CD0D1}.Debug|Any CPU.ActiveCfg = Debug|Any CPU
		{33019E0F-D88E-46F5-B9DD-E5EB745CD0D1}.Debug|Any CPU.Build.0 = Debug|Any CPU
		{33019E0F-D88E-46F5-B9DD-E5EB745CD0D1}.Release|Any CPU.ActiveCfg = Release|Any CPU
		{33019E0F-D88E-46F5-B9DD-E5EB745CD0D1}.Release|Any CPU.Build.0 = Release|Any CPU
		{1BE6C102-9333-43A2-9528-DAEE855AF4B0}.Debug|Any CPU.ActiveCfg = Debug|Any CPU
		{1BE6C102-9333-43A2-9528-DAEE855AF4B0}.Debug|Any CPU.Build.0 = Debug|Any CPU
		{1BE6C102-9333-43A2-9528-DAEE855AF4B0}.Release|Any CPU.ActiveCfg = Release|Any CPU
		{1BE6C102-9333-43A2-9528-DAEE855AF4B0}.Release|Any CPU.Build.0 = Release|Any CPU
		{3F104103-A6ED-4D91-B406-BDDEF7DCEF4E}.Debug|Any CPU.ActiveCfg = Debug|Any CPU
		{3F104103-A6ED-4D91-B406-BDDEF7DCEF4E}.Debug|Any CPU.Build.0 = Debug|Any CPU
		{3F104103-A6ED-4D91-B406-BDDEF7DCEF4E}.Release|Any CPU.ActiveCfg = Release|Any CPU
		{3F104103-A6ED-4D91-B406-BDDEF7DCEF4E}.Release|Any CPU.Build.0 = Release|Any CPU
		{3EC41485-F22E-4A95-B724-F189CF3F14DF}.Debug|Any CPU.ActiveCfg = Debug|Any CPU
		{3EC41485-F22E-4A95-B724-F189CF3F14DF}.Debug|Any CPU.Build.0 = Debug|Any CPU
		{3EC41485-F22E-4A95-B724-F189CF3F14DF}.Release|Any CPU.ActiveCfg = Release|Any CPU
		{3EC41485-F22E-4A95-B724-F189CF3F14DF}.Release|Any CPU.Build.0 = Release|Any CPU
		{A5F18C08-6ABB-406E-AD67-EE9FAB3879B3}.Debug|Any CPU.ActiveCfg = Debug|Any CPU
		{A5F18C08-6ABB-406E-AD67-EE9FAB3879B3}.Debug|Any CPU.Build.0 = Debug|Any CPU
		{A5F18C08-6ABB-406E-AD67-EE9FAB3879B3}.Release|Any CPU.ActiveCfg = Release|Any CPU
		{A5F18C08-6ABB-406E-AD67-EE9FAB3879B3}.Release|Any CPU.Build.0 = Release|Any CPU
	EndGlobalSection
	GlobalSection(SolutionProperties) = preSolution
		HideSolutionNode = FALSE
	EndGlobalSection
	GlobalSection(ExtensibilityGlobals) = postSolution
		SolutionGuid = {0B4A05D6-A1DB-41D6-A8CD-D9F80E6EF723}
	EndGlobalSection
EndGlobal
